
Microsoft Visual Studio Solution File, Format Version 12.00
# Visual Studio 15
VisualStudioVersion = 15.0.28307.421
MinimumVisualStudioVersion = 10.0.40219.1
Project("{FAE04EC0-301F-11D3-BF4B-00C04F79EFBC}") = "IHMCSDelhi", "IHMCSDelhi\IHMCSDelhi.csproj", "{C0095248-DBAC-48E7-8BB9-0D43366770C3}"
EndProject
Global
	GlobalSection(SolutionConfigurationPlatforms) = preSolution
		Debug|Any CPU = Debug|Any CPU
		Release|Any CPU = Release|Any CPU
	EndGlobalSection
	GlobalSection(ProjectConfigurationPlatforms) = postSolution
		{C0095248-DBAC-48E7-8BB9-0D43366770C3}.Debug|Any CPU.ActiveCfg = Debug|Any CPU
		{C0095248-DBAC-48E7-8BB9-0D43366770C3}.Debug|Any CPU.Build.0 = Debug|Any CPU
		{C0095248-DBAC-48E7-8BB9-0D43366770C3}.Release|Any CPU.ActiveCfg = Release|Any CPU
		{C0095248-DBAC-48E7-8BB9-0D43366770C3}.Release|Any CPU.Build.0 = Release|Any CPU
	EndGlobalSection
	GlobalSection(SolutionProperties) = preSolution
		HideSolutionNode = FALSE
	EndGlobalSection
	GlobalSection(ExtensibilityGlobals) = postSolution
		SolutionGuid = {B3120942-A65B-475D-BDAD-FE238AB06274}
	EndGlobalSection
EndGlobal
